{
  "object": {
    "pins": [
      {
        "package": "FeedKit",
        "repositoryURL": "https://github.com/nmdias/FeedKit",
        "state": {
          "branch": "master",
          "revision": "6b03f2e9c18c578fe577c434784772efcfd34a9e",
          "version": null
        }
      },
      {
        "package": "LetterCase",
        "repositoryURL": "https://github.com/rwbutler/LetterCase",
        "state": {
          "branch": null,
          "revision": "03589da8c6554655b276ba187cfc1cd35ad711d2",
          "version": "1.6.1"
        }
      },
      {
        "package": "SwiftSoup",
        "repositoryURL": "https://github.com/scinfu/SwiftSoup.git",
        "state": {
          "branch": null,
          "revision": "11da8c685ddde2d519fad04a7daf8485bbbc773e",
          "version": "1.7.5"
        }
      }
    ]
  },
  "version": 1
}
